Microsoft Visual Studio Solution File, Format Version 12.00
# Visual Studio 14
VisualStudioVersion = 14.0.25420.1
MinimumVisualStudioVersion = 10.0.40219.1
Project("{8BC9CEB8-8B4A-11D0-8D11-00A0C91BC942}") = "dsf2text", "dsf2text\dsf2text.vcxproj", "{A61B1450-53BB-4BC1-895D-F2E9B1649439}"
EndProject
Project("{8BC9CEB8-8B4A-11D0-8D11-00A0C91BC942}") = "dsfmap", "dsfmap\dsfmap.vcxproj", "{8FEF141F-4FF2-4608-AA4C-BFF848EEEC74}"
EndProject
Project("{8BC9CEB8-8B4A-11D0-8D11-00A0C91BC942}") = "libdsfmap", "libdsfmap\libdsfmap.vcxproj", "{93E110D2-4D4E-4A87-87C2-2F95240FF034}"
EndProject
Project("{8BC9CEB8-8B4A-11D0-8D11-00A0C91BC942}") = "libdsfmapthread", "libdsfmapthread\libdsfmapthread.vcxproj", "{62D333F4-732B-4E2E-ACA7-032DB019A230}"
EndProject
Project("{8BC9CEB8-8B4A-11D0-8D11-00A0C91BC942}") = "dsfmapthread", "dsfmapthread\dsfmapthread.vcxproj", "{08D193E9-26D9-4F68-AF04-B69C03C10D74}"
EndProject
Project("{8BC9CEB8-8B4A-11D0-8D11-00A0C91BC942}") = "libdsf", "libdsf\libdsf.vcxproj", "{4E559C08-8D77-4520-BE31-6518E047D299}"
EndProject
Project("{8BC9CEB8-8B4A-11D0-8D11-00A0C91BC942}") = "libolha", "libolha\libolha.vcxproj", "{642FA393-57BD-4C9E-8920-BC9C3C3C1246}"
EndProject
Project("{8BC9CEB8-8B4A-11D0-8D11-00A0C91BC942}") = "olha_app", "olha_app\olha_app.vcxproj", "{046E3130-6267-491B-9878-AA1A56F0996E}"
EndProject
Global
	GlobalSection(SolutionConfigurationPlatforms) = preSolution
		Debug|x64 = Debug|x64
		Debug|x86 = Debug|x86
		Release|x64 = Release|x64
		Release|x86 = Release|x86
	EndGlobalSection
	GlobalSection(ProjectConfigurationPlatforms) = postSolution
		{A61B1450-53BB-4BC1-895D-F2E9B1649439}.Debug|x64.ActiveCfg = Debug|x64
		{A61B1450-53BB-4BC1-895D-F2E9B1649439}.Debug|x64.Build.0 = Debug|x64
		{A61B1450-53BB-4BC1-895D-F2E9B1649439}.Debug|x86.ActiveCfg = Debug|Win32
		{A61B1450-53BB-4BC1-895D-F2E9B1649439}.Debug|x86.Build.0 = Debug|Win32
		{A61B1450-53BB-4BC1-895D-F2E9B1649439}.Release|x64.ActiveCfg = Release|x64
		{A61B1450-53BB-4BC1-895D-F2E9B1649439}.Release|x64.Build.0 = Release|x64
		{A61B1450-53BB-4BC1-895D-F2E9B1649439}.Release|x86.ActiveCfg = Release|Win32
		{A61B1450-53BB-4BC1-895D-F2E9B1649439}.Release|x86.Build.0 = Release|Win32
		{8FEF141F-4FF2-4608-AA4C-BFF848EEEC74}.Debug|x64.ActiveCfg = Debug|x64
		{8FEF141F-4FF2-4608-AA4C-BFF848EEEC74}.Debug|x64.Build.0 = Debug|x64
		{8FEF141F-4FF2-4608-AA4C-BFF848EEEC74}.Debug|x86.ActiveCfg = Debug|Win32
		{8FEF141F-4FF2-4608-AA4C-BFF848EEEC74}.Debug|x86.Build.0 = Debug|Win32
		{8FEF141F-4FF2-4608-AA4C-BFF848EEEC74}.Release|x64.ActiveCfg = Release|x64
		{8FEF141F-4FF2-4608-AA4C-BFF848EEEC74}.Release|x64.Build.0 = Release|x64
		{8FEF141F-4FF2-4608-AA4C-BFF848EEEC74}.Release|x86.ActiveCfg = Release|Win32
		{8FEF141F-4FF2-4608-AA4C-BFF848EEEC74}.Release|x86.Build.0 = Release|Win32
		{93E110D2-4D4E-4A87-87C2-2F95240FF034}.Debug|x64.ActiveCfg = Debug|x64
		{93E110D2-4D4E-4A87-87C2-2F95240FF034}.Debug|x64.Build.0 = Debug|x64
		{93E110D2-4D4E-4A87-87C2-2F95240FF034}.Debug|x86.ActiveCfg = Debug|Win32
		{93E110D2-4D4E-4A87-87C2-2F95240FF034}.Debug|x86.Build.0 = Debug|Win32
		{93E110D2-4D4E-4A87-87C2-2F95240FF034}.Release|x64.ActiveCfg = Release|x64
		{93E110D2-4D4E-4A87-87C2-2F95240FF034}.Release|x64.Build.0 = Release|x64
		{93E110D2-4D4E-4A87-87C2-2F95240FF034}.Release|x86.ActiveCfg = Release|Win32
		{93E110D2-4D4E-4A87-87C2-2F95240FF034}.Release|x86.Build.0 = Release|Win32
		{62D333F4-732B-4E2E-ACA7-032DB019A230}.Debug|x64.ActiveCfg = Debug|x64
		{62D333F4-732B-4E2E-ACA7-032DB019A230}.Debug|x64.Build.0 = Debug|x64
		{62D333F4-732B-4E2E-ACA7-032DB019A230}.Debug|x86.ActiveCfg = Debug|Win32
		{62D333F4-732B-4E2E-ACA7-032DB019A230}.Debug|x86.Build.0 = Debug|Win32
		{62D333F4-732B-4E2E-ACA7-032DB019A230}.Release|x64.ActiveCfg = Release|x64
		{62D333F4-732B-4E2E-ACA7-032DB019A230}.Release|x64.Build.0 = Release|x64
		{62D333F4-732B-4E2E-ACA7-032DB019A230}.Release|x86.ActiveCfg = Release|Win32
		{62D333F4-732B-4E2E-ACA7-032DB019A230}.Release|x86.Build.0 = Release|Win32
		{08D193E9-26D9-4F68-AF04-B69C03C10D74}.Debug|x64.ActiveCfg = Debug|x64
		{08D193E9-26D9-4F68-AF04-B69C03C10D74}.Debug|x64.Build.0 = Debug|x64
		{08D193E9-26D9-4F68-AF04-B69C03C10D74}.Debug|x86.ActiveCfg = Debug|Win32
		{08D193E9-26D9-4F68-AF04-B69C03C10D74}.Debug|x86.Build.0 = Debug|Win32
		{08D193E9-26D9-4F68-AF04-B69C03C10D74}.Release|x64.ActiveCfg = Release|x64
		{08D193E9-26D9-4F68-AF04-B69C03C10D74}.Release|x64.Build.0 = Release|x64
		{08D193E9-26D9-4F68-AF04-B69C03C10D74}.Release|x86.ActiveCfg = Release|Win32
		{08D193E9-26D9-4F68-AF04-B69C03C10D74}.Release|x86.Build.0 = Release|Win32
		{4E559C08-8D77-4520-BE31-6518E047D299}.Debug|x64.ActiveCfg = Debug|x64
		{4E559C08-8D77-4520-BE31-6518E047D299}.Debug|x64.Build.0 = Debug|x64
		{4E559C08-8D77-4520-BE31-6518E047D299}.Debug|x86.ActiveCfg = Debug|Win32
		{4E559C08-8D77-4520-BE31-6518E047D299}.Debug|x86.Build.0 = Debug|Win32
		{4E559C08-8D77-4520-BE31-6518E047D299}.Release|x64.ActiveCfg = Release|x64
		{4E559C08-8D77-4520-BE31-6518E047D299}.Release|x64.Build.0 = Release|x64
		{4E559C08-8D77-4520-BE31-6518E047D299}.Release|x86.ActiveCfg = Release|Win32
		{4E559C08-8D77-4520-BE31-6518E047D299}.Release|x86.Build.0 = Release|Win32
		{642FA393-57BD-4C9E-8920-BC9C3C3C1246}.Debug|x64.ActiveCfg = Debug|x64
		{642FA393-57BD-4C9E-8920-BC9C3C3C1246}.Debug|x64.Build.0 = Debug|x64
		{642FA393-57BD-4C9E-8920-BC9C3C3C1246}.Debug|x86.ActiveCfg = Debug|Win32
		{642FA393-57BD-4C9E-8920-BC9C3C3C1246}.Debug|x86.Build.0 = Debug|Win32
		{642FA393-57BD-4C9E-8920-BC9C3C3C1246}.Release|x64.ActiveCfg = Release|x64
		{642FA393-57BD-4C9E-8920-BC9C3C3C1246}.Release|x64.Build.0 = Release|x64
		{642FA393-57BD-4C9E-8920-BC9C3C3C1246}.Release|x86.ActiveCfg = Release|Win32
		{642FA393-57BD-4C9E-8920-BC9C3C3C1246}.Release|x86.Build.0 = Release|Win32
		{046E3130-6267-491B-9878-AA1A56F0996E}.Debug|x64.ActiveCfg = Debug|x64
		{046E3130-6267-491B-9878-AA1A56F0996E}.Debug|x64.Build.0 = Debug|x64
		{046E3130-6267-491B-9878-AA1A56F0996E}.Debug|x86.ActiveCfg = Debug|Win32
		{046E3130-6267-491B-9878-AA1A56F0996E}.Debug|x86.Build.0 = Debug|Win32
		{046E3130-6267-491B-9878-AA1A56F0996E}.Release|x64.ActiveCfg = Release|x64
		{046E3130-6267-491B-9878-AA1A56F0996E}.Release|x64.Build.0 = Release|x64
		{046E3130-6267-491B-9878-AA1A56F0996E}.Release|x86.ActiveCfg = Release|Win32
		{046E3130-6267-491B-9878-AA1A56F0996E}.Release|x86.Build.0 = Release|Win32
	EndGlobalSection
	GlobalSection(SolutionProperties) = preSolution
		HideSolutionNode = FALSE
	EndGlobalSection
EndGlobal
