Microsoft Visual Studio Solution File, Format Version 12.00
# Visual Studio 14
VisualStudioVersion = 14.0.25420.1
MinimumVisualStudioVersion = 10.0.40219.1
Project("{8BC9CEB8-8B4A-11D0-8D11-00A0C91BC942}") = "dsf2text", "dsf2text\dsf2text.vcxproj", "{A61B1450-53BB-4BC1-895D-F2E9B1649439}"
EndProject
Project("{8BC9CEB8-8B4A-11D0-8D11-00A0C91BC942}") = "dsfmap", "dsfmap\dsfmap.vcxproj", "{8FEF141F-4FF2-4608-AA4C-BFF848EEEC74}"
EndProject
Project("{8BC9CEB8-8B4A-11D0-8D11-00A0C91BC942}") = "libdsfmap", "libdsfmap\libdsfmap.vcxproj", "{93E110D2-4D4E-4A87-87C2-2F95240FF034}"
EndProject
Project("{8BC9CEB8-8B4A-11D0-8D11-00A0C91BC942}") = "libdsf", "libdsf\libdsf.vcxproj", "{4E559C08-8D77-4520-BE31-6518E047D299}"
EndProject
Project("{8BC9CEB8-8B4A-11D0-8D11-00A0C91BC942}") = "includes", "includes\includes.vcxproj", "{7E1F7539-FDC2-44ED-A6B2-C9AF0D9B5ACE}"
EndProject
Project("{8BC9CEB8-8B4A-11D0-8D11-00A0C91BC942}") = "libnavmap", "libnavmap\libnavmap.vcxproj", "{EDFEE4DE-63A2-40A3-A1E3-AC1183AF4A78}"
EndProject
Project("{8BC9CEB8-8B4A-11D0-8D11-00A0C91BC942}") = "navmap", "navmap\navmap.vcxproj", "{37F2E2F8-E6F9-4BC0-8239-4D8CD9E27C79}"
EndProject
Project("{8BC9CEB8-8B4A-11D0-8D11-00A0C91BC942}") = "libglhelpers", "libglhelpers\libglhelpers.vcxproj", "{6B0D85FB-B871-4709-B03C-D303F1DECEF4}"
EndProject
Global
	GlobalSection(SolutionConfigurationPlatforms) = preSolution
		Debug|x64 = Debug|x64
		Debug|x86 = Debug|x86
		Release|x64 = Release|x64
		Release|x86 = Release|x86
	EndGlobalSection
	GlobalSection(ProjectConfigurationPlatforms) = postSolution
		{A61B1450-53BB-4BC1-895D-F2E9B1649439}.Debug|x64.ActiveCfg = Debug|x64
		{A61B1450-53BB-4BC1-895D-F2E9B1649439}.Debug|x64.Build.0 = Debug|x64
		{A61B1450-53BB-4BC1-895D-F2E9B1649439}.Debug|x86.ActiveCfg = Debug|Win32
		{A61B1450-53BB-4BC1-895D-F2E9B1649439}.Debug|x86.Build.0 = Debug|Win32
		{A61B1450-53BB-4BC1-895D-F2E9B1649439}.Release|x64.ActiveCfg = Release|x64
		{A61B1450-53BB-4BC1-895D-F2E9B1649439}.Release|x64.Build.0 = Release|x64
		{A61B1450-53BB-4BC1-895D-F2E9B1649439}.Release|x86.ActiveCfg = Release|Win32
		{A61B1450-53BB-4BC1-895D-F2E9B1649439}.Release|x86.Build.0 = Release|Win32
		{8FEF141F-4FF2-4608-AA4C-BFF848EEEC74}.Debug|x64.ActiveCfg = Debug|x64
		{8FEF141F-4FF2-4608-AA4C-BFF848EEEC74}.Debug|x64.Build.0 = Debug|x64
		{8FEF141F-4FF2-4608-AA4C-BFF848EEEC74}.Debug|x86.ActiveCfg = Debug|Win32
		{8FEF141F-4FF2-4608-AA4C-BFF848EEEC74}.Debug|x86.Build.0 = Debug|Win32
		{8FEF141F-4FF2-4608-AA4C-BFF848EEEC74}.Release|x64.ActiveCfg = Release|x64
		{8FEF141F-4FF2-4608-AA4C-BFF848EEEC74}.Release|x64.Build.0 = Release|x64
		{8FEF141F-4FF2-4608-AA4C-BFF848EEEC74}.Release|x86.ActiveCfg = Release|Win32
		{8FEF141F-4FF2-4608-AA4C-BFF848EEEC74}.Release|x86.Build.0 = Release|Win32
		{93E110D2-4D4E-4A87-87C2-2F95240FF034}.Debug|x64.ActiveCfg = Debug|x64
		{93E110D2-4D4E-4A87-87C2-2F95240FF034}.Debug|x64.Build.0 = Debug|x64
		{93E110D2-4D4E-4A87-87C2-2F95240FF034}.Debug|x86.ActiveCfg = Debug|Win32
		{93E110D2-4D4E-4A87-87C2-2F95240FF034}.Debug|x86.Build.0 = Debug|Win32
		{93E110D2-4D4E-4A87-87C2-2F95240FF034}.Release|x64.ActiveCfg = Release|x64
		{93E110D2-4D4E-4A87-87C2-2F95240FF034}.Release|x64.Build.0 = Release|x64
		{93E110D2-4D4E-4A87-87C2-2F95240FF034}.Release|x86.ActiveCfg = Release|Win32
		{93E110D2-4D4E-4A87-87C2-2F95240FF034}.Release|x86.Build.0 = Release|Win32
		{4E559C08-8D77-4520-BE31-6518E047D299}.Debug|x64.ActiveCfg = Debug|x64
		{4E559C08-8D77-4520-BE31-6518E047D299}.Debug|x64.Build.0 = Debug|x64
		{4E559C08-8D77-4520-BE31-6518E047D299}.Debug|x86.ActiveCfg = Debug|Win32
		{4E559C08-8D77-4520-BE31-6518E047D299}.Debug|x86.Build.0 = Debug|Win32
		{4E559C08-8D77-4520-BE31-6518E047D299}.Release|x64.ActiveCfg = Release|x64
		{4E559C08-8D77-4520-BE31-6518E047D299}.Release|x64.Build.0 = Release|x64
		{4E559C08-8D77-4520-BE31-6518E047D299}.Release|x86.ActiveCfg = Release|Win32
		{4E559C08-8D77-4520-BE31-6518E047D299}.Release|x86.Build.0 = Release|Win32
		{7E1F7539-FDC2-44ED-A6B2-C9AF0D9B5ACE}.Debug|x64.ActiveCfg = Debug|x64
		{7E1F7539-FDC2-44ED-A6B2-C9AF0D9B5ACE}.Debug|x64.Build.0 = Debug|x64
		{7E1F7539-FDC2-44ED-A6B2-C9AF0D9B5ACE}.Debug|x86.ActiveCfg = Debug|Win32
		{7E1F7539-FDC2-44ED-A6B2-C9AF0D9B5ACE}.Debug|x86.Build.0 = Debug|Win32
		{7E1F7539-FDC2-44ED-A6B2-C9AF0D9B5ACE}.Release|x64.ActiveCfg = Release|x64
		{7E1F7539-FDC2-44ED-A6B2-C9AF0D9B5ACE}.Release|x64.Build.0 = Release|x64
		{7E1F7539-FDC2-44ED-A6B2-C9AF0D9B5ACE}.Release|x86.ActiveCfg = Release|Win32
		{7E1F7539-FDC2-44ED-A6B2-C9AF0D9B5ACE}.Release|x86.Build.0 = Release|Win32
		{EDFEE4DE-63A2-40A3-A1E3-AC1183AF4A78}.Debug|x64.ActiveCfg = Debug|x64
		{EDFEE4DE-63A2-40A3-A1E3-AC1183AF4A78}.Debug|x64.Build.0 = Debug|x64
		{EDFEE4DE-63A2-40A3-A1E3-AC1183AF4A78}.Debug|x86.ActiveCfg = Debug|Win32
		{EDFEE4DE-63A2-40A3-A1E3-AC1183AF4A78}.Debug|x86.Build.0 = Debug|Win32
		{EDFEE4DE-63A2-40A3-A1E3-AC1183AF4A78}.Release|x64.ActiveCfg = Release|x64
		{EDFEE4DE-63A2-40A3-A1E3-AC1183AF4A78}.Release|x64.Build.0 = Release|x64
		{EDFEE4DE-63A2-40A3-A1E3-AC1183AF4A78}.Release|x86.ActiveCfg = Release|Win32
		{EDFEE4DE-63A2-40A3-A1E3-AC1183AF4A78}.Release|x86.Build.0 = Release|Win32
		{37F2E2F8-E6F9-4BC0-8239-4D8CD9E27C79}.Debug|x64.ActiveCfg = Debug|x64
		{37F2E2F8-E6F9-4BC0-8239-4D8CD9E27C79}.Debug|x64.Build.0 = Debug|x64
		{37F2E2F8-E6F9-4BC0-8239-4D8CD9E27C79}.Debug|x86.ActiveCfg = Debug|Win32
		{37F2E2F8-E6F9-4BC0-8239-4D8CD9E27C79}.Debug|x86.Build.0 = Debug|Win32
		{37F2E2F8-E6F9-4BC0-8239-4D8CD9E27C79}.Release|x64.ActiveCfg = Release|x64
		{37F2E2F8-E6F9-4BC0-8239-4D8CD9E27C79}.Release|x64.Build.0 = Release|x64
		{37F2E2F8-E6F9-4BC0-8239-4D8CD9E27C79}.Release|x86.ActiveCfg = Release|Win32
		{37F2E2F8-E6F9-4BC0-8239-4D8CD9E27C79}.Release|x86.Build.0 = Release|Win32
		{6B0D85FB-B871-4709-B03C-D303F1DECEF4}.Debug|x64.ActiveCfg = Debug|x64
		{6B0D85FB-B871-4709-B03C-D303F1DECEF4}.Debug|x64.Build.0 = Debug|x64
		{6B0D85FB-B871-4709-B03C-D303F1DECEF4}.Debug|x86.ActiveCfg = Debug|Win32
		{6B0D85FB-B871-4709-B03C-D303F1DECEF4}.Debug|x86.Build.0 = Debug|Win32
		{6B0D85FB-B871-4709-B03C-D303F1DECEF4}.Release|x64.ActiveCfg = Release|x64
		{6B0D85FB-B871-4709-B03C-D303F1DECEF4}.Release|x64.Build.0 = Release|x64
		{6B0D85FB-B871-4709-B03C-D303F1DECEF4}.Release|x86.ActiveCfg = Release|Win32
		{6B0D85FB-B871-4709-B03C-D303F1DECEF4}.Release|x86.Build.0 = Release|Win32
	EndGlobalSection
	GlobalSection(SolutionProperties) = preSolution
		HideSolutionNode = FALSE
	EndGlobalSection
EndGlobal
